lockfileVersion: '9.0'

settings:
  autoInstallPeers: true
  excludeLinksFromLockfile: false

importers:

  .:
    dependencies:
      '@fontsource/ubuntu':
        specifier: ^5.3.0
        version: 5.3.0

packages:

  '@fontsource/ubuntu@5.3.0':
    resolution: {integrity: sha512-LsjJXgE430QLs8LKfn1RIFbbdGAiZBU1gao8ASa4Z2kGNGh7lMb7Rzx09v3bLLuuK+3XA/JSLgPWTAbLD6r1fg==}

snapshots:

  '@fontsource/ubuntu@5.3.0': {}
